{
  "name": "codekit-project",
  "version": "1.0.0",
  "lockfileVersion": 1,
  "requires": true,
  "dependencies": {
    "nanoid": {
      "version": "3.3.4",
      "resolved": "https://registry.npmjs.org/nanoid/-/nanoid-3.3.4.tgz",
      "integrity": "sha512-MqBkQh/OHTS2egovRtLk45wEyNXwF+cokD+1YPf9u5VfJiRdAiRwB2froX5Co9Rh20xs4siNPm8naNotSD6RBw=="
    },
    "picocolors": {
      "version": "1.0.0",
      "resolved": "https://registry.npmjs.org/picocolors/-/picocolors-1.0.0.tgz",
      "integrity": "sha512-1fygroTLlHu66zi26VoTDv8yRgm0Fccecssto+MhsZ0D/DGW2sm8E8AjW7NU5VVTRt5GxbeZ5qBuJr+HyLYkjQ=="
    },
    "postcss": {
      "version": "8.4.21",
      "resolved": "https://registry.npmjs.org/postcss/-/postcss-8.4.21.tgz",
      "integrity": "sha512-tP7u/Sn/dVxK2NnruI4H9BG+x+Wxz6oeZ1cJ8P6G/PZY0IKk4k/63TDsQf2kQq3+qoJeLm2kIBUNlZe3zgb4Zg==",
      "requires": {
        "nanoid": "^3.3.4",
        "picocolors": "^1.0.0",
        "source-map-js": "^1.0.2"
      }
    },
    "postcss-flex-short": {
      "version": "1.2.0",
      "resolved": "https://registry.npmjs.org/postcss-flex-short/-/postcss-flex-short-1.2.0.tgz",
      "integrity": "sha512-4T19fT5E4oUacfgEsNdrfiRM465TGM3IZzIVbk1T0f2BCzC+L8oBKE/wAA7HaQnyC1J8XQBNxTXAaqOVDtlBrw==",
      "requires": {
        "postcss": "^7.0.5"
      },
      "dependencies": {
        "picocolors": {
          "version": "0.2.1",
          "resolved": "https://registry.npmjs.org/picocolors/-/picocolors-0.2.1.tgz",
          "integrity": "sha512-cMlDqaLEqfSaW8Z7N5Jw+lyIW869EzT73/F5lhtY9cLGoVxSXznfgfXMO0Z5K0o0Q2TkTXq+0KFsdnSe3jDViA=="
        },
        "postcss": {
          "version": "7.0.39",
          "resolved": "https://registry.npmjs.org/postcss/-/postcss-7.0.39.tgz",
          "integrity": "sha512-yioayjNbHn6z1/Bywyb2Y4s3yvDAeXGOyxqD+LnVOinq6Mdmd++SW2wUNVzavyyHxd6+DxzWGIuosg6P1Rj8uA==",
          "requires": {
            "picocolors": "^0.2.1",
            "source-map": "^0.6.1"
          }
        }
      }
    },
    "postcss-font-weights": {
      "version": "5.0.0",
      "resolved": "https://registry.npmjs.org/postcss-font-weights/-/postcss-font-weights-5.0.0.tgz",
      "integrity": "sha512-n/1sLibDcRcFS4HcGVzB81eUdxjG8p3XZFvM3Q+0Szz+e8f64dV3bJyUMs7Nw8ZV4qmO293SUVmOMmmhNMkzjw==",
      "requires": {
        "postcss": "^7.0.5"
      },
      "dependencies": {
        "picocolors": {
          "version": "0.2.1",
          "resolved": "https://registry.npmjs.org/picocolors/-/picocolors-0.2.1.tgz",
          "integrity": "sha512-cMlDqaLEqfSaW8Z7N5Jw+lyIW869EzT73/F5lhtY9cLGoVxSXznfgfXMO0Z5K0o0Q2TkTXq+0KFsdnSe3jDViA=="
        },
        "postcss": {
          "version": "7.0.39",
          "resolved": "https://registry.npmjs.org/postcss/-/postcss-7.0.39.tgz",
          "integrity": "sha512-yioayjNbHn6z1/Bywyb2Y4s3yvDAeXGOyxqD+LnVOinq6Mdmd++SW2wUNVzavyyHxd6+DxzWGIuosg6P1Rj8uA==",
          "requires": {
            "picocolors": "^0.2.1",
            "source-map": "^0.6.1"
          }
        }
      }
    },
    "postcss-short": {
      "version": "5.0.0",
      "resolved": "https://registry.npmjs.org/postcss-short/-/postcss-short-5.0.0.tgz",
      "integrity": "sha512-7VvAeY8Bm01cK+honNsQIisaJsUdhdNTPlYuo7iQq80Fbjl844pVNBXhjXjVeXi/+dKK5aRtCNKod7U0hSeTug==",
      "requires": {
        "postcss": "^7.0.5",
        "postcss-font-weights": "^5.0.0",
        "postcss-short-border": "^4.0.0",
        "postcss-short-border-radius": "^3.0.0",
        "postcss-short-color": "^4.0.0",
        "postcss-short-font-size": "^5.0.0",
        "postcss-short-overflow": "^1.0.0",
        "postcss-short-position": "^4.0.1",
        "postcss-short-size": "^4.0.0",
        "postcss-short-spacing": "^4.0.0"
      },
      "dependencies": {
        "picocolors": {
          "version": "0.2.1",
          "resolved": "https://registry.npmjs.org/picocolors/-/picocolors-0.2.1.tgz",
          "integrity": "sha512-cMlDqaLEqfSaW8Z7N5Jw+lyIW869EzT73/F5lhtY9cLGoVxSXznfgfXMO0Z5K0o0Q2TkTXq+0KFsdnSe3jDViA=="
        },
        "postcss": {
          "version": "7.0.39",
          "resolved": "https://registry.npmjs.org/postcss/-/postcss-7.0.39.tgz",
          "integrity": "sha512-yioayjNbHn6z1/Bywyb2Y4s3yvDAeXGOyxqD+LnVOinq6Mdmd++SW2wUNVzavyyHxd6+DxzWGIuosg6P1Rj8uA==",
          "requires": {
            "picocolors": "^0.2.1",
            "source-map": "^0.6.1"
          }
        }
      }
    },
    "postcss-short-border": {
      "version": "4.0.0",
      "resolved": "https://registry.npmjs.org/postcss-short-border/-/postcss-short-border-4.0.0.tgz",
      "integrity": "sha512-o9lZZ7yavQAs2Tj1BazltLBTDH4XdNtUuY15NhV6Nr1R+1sG4e9k2QZRhaOazPbntrw7pDHFqRwDYQND9DB8jw==",
      "requires": {
        "postcss": "^7.0.5"
      },
      "dependencies": {
        "picocolors": {
          "version": "0.2.1",
          "resolved": "https://registry.npmjs.org/picocolors/-/picocolors-0.2.1.tgz",
          "integrity": "sha512-cMlDqaLEqfSaW8Z7N5Jw+lyIW869EzT73/F5lhtY9cLGoVxSXznfgfXMO0Z5K0o0Q2TkTXq+0KFsdnSe3jDViA=="
        },
        "postcss": {
          "version": "7.0.39",
          "resolved": "https://registry.npmjs.org/postcss/-/postcss-7.0.39.tgz",
          "integrity": "sha512-yioayjNbHn6z1/Bywyb2Y4s3yvDAeXGOyxqD+LnVOinq6Mdmd++SW2wUNVzavyyHxd6+DxzWGIuosg6P1Rj8uA==",
          "requires": {
            "picocolors": "^0.2.1",
            "source-map": "^0.6.1"
          }
        }
      }
    },
    "postcss-short-border-radius": {
      "version": "3.0.0",
      "resolved": "https://registry.npmjs.org/postcss-short-border-radius/-/postcss-short-border-radius-3.0.0.tgz",
      "integrity": "sha512-s4g/NSUFA71+s4fJMUFo/IqcJL1ZdmWSz90GctW/f3msdhetgaU2OuORYQtUB2HGX5BdsvBFai8FBv/D3/lrVQ==",
      "requires": {
        "postcss": "^7.0.5"
      },
      "dependencies": {
        "picocolors": {
          "version": "0.2.1",
          "resolved": "https://registry.npmjs.org/picocolors/-/picocolors-0.2.1.tgz",
          "integrity": "sha512-cMlDqaLEqfSaW8Z7N5Jw+lyIW869EzT73/F5lhtY9cLGoVxSXznfgfXMO0Z5K0o0Q2TkTXq+0KFsdnSe3jDViA=="
        },
        "postcss": {
          "version": "7.0.39",
          "resolved": "https://registry.npmjs.org/postcss/-/postcss-7.0.39.tgz",
          "integrity": "sha512-yioayjNbHn6z1/Bywyb2Y4s3yvDAeXGOyxqD+LnVOinq6Mdmd++SW2wUNVzavyyHxd6+DxzWGIuosg6P1Rj8uA==",
          "requires": {
            "picocolors": "^0.2.1",
            "source-map": "^0.6.1"
          }
        }
      }
    },
    "postcss-short-color": {
      "version": "4.0.0",
      "resolved": "https://registry.npmjs.org/postcss-short-color/-/postcss-short-color-4.0.0.tgz",
      "integrity": "sha512-2cIbOysfLRXweXDqVpt+csXNaAF46S150lN8SgItvKN3naWXfKSanYLefzF9xZ2eVl7qgkv7Fkd8NgNI0PZFHQ==",
      "requires": {
        "postcss": "^7.0.5"
      },
      "dependencies": {
        "picocolors": {
          "version": "0.2.1",
          "resolved": "https://registry.npmjs.org/picocolors/-/picocolors-0.2.1.tgz",
          "integrity": "sha512-cMlDqaLEqfSaW8Z7N5Jw+lyIW869EzT73/F5lhtY9cLGoVxSXznfgfXMO0Z5K0o0Q2TkTXq+0KFsdnSe3jDViA=="
        },
        "postcss": {
          "version": "7.0.39",
          "resolved": "https://registry.npmjs.org/postcss/-/postcss-7.0.39.tgz",
          "integrity": "sha512-yioayjNbHn6z1/Bywyb2Y4s3yvDAeXGOyxqD+LnVOinq6Mdmd++SW2wUNVzavyyHxd6+DxzWGIuosg6P1Rj8uA==",
          "requires": {
            "picocolors": "^0.2.1",
            "source-map": "^0.6.1"
          }
        }
      }
    },
    "postcss-short-font-size": {
      "version": "5.0.0",
      "resolved": "https://registry.npmjs.org/postcss-short-font-size/-/postcss-short-font-size-5.0.0.tgz",
      "integrity": "sha512-CaEzUc/YSOq2PDblqZuSxdecmCqN5HbxLLLu5h53GoKJpXPNxrk6R9cfBvB/cO1LQyXNFtzZuQwL/JglkuBy4A==",
      "requires": {
        "postcss": "^7.0.5"
      },
      "dependencies": {
        "picocolors": {
          "version": "0.2.1",
          "resolved": "https://registry.npmjs.org/picocolors/-/picocolors-0.2.1.tgz",
          "integrity": "sha512-cMlDqaLEqfSaW8Z7N5Jw+lyIW869EzT73/F5lhtY9cLGoVxSXznfgfXMO0Z5K0o0Q2TkTXq+0KFsdnSe3jDViA=="
        },
        "postcss": {
          "version": "7.0.39",
          "resolved": "https://registry.npmjs.org/postcss/-/postcss-7.0.39.tgz",
          "integrity": "sha512-yioayjNbHn6z1/Bywyb2Y4s3yvDAeXGOyxqD+LnVOinq6Mdmd++SW2wUNVzavyyHxd6+DxzWGIuosg6P1Rj8uA==",
          "requires": {
            "picocolors": "^0.2.1",
            "source-map": "^0.6.1"
          }
        }
      }
    },
    "postcss-short-overflow": {
      "version": "1.0.0",
      "resolved": "https://registry.npmjs.org/postcss-short-overflow/-/postcss-short-overflow-1.0.0.tgz",
      "integrity": "sha512-nYFZGCt4+/x3kyQjgX3unxx7942sU/7ZI3JE8jHdgJZ/c/sAOrwWyjrNdrdckJzUj1xrCYcrp+vcrj2wspsCJA==",
      "requires": {
        "postcss": "^7.0.5"
      },
      "dependencies": {
        "picocolors": {
          "version": "0.2.1",
          "resolved": "https://registry.npmjs.org/picocolors/-/picocolors-0.2.1.tgz",
          "integrity": "sha512-cMlDqaLEqfSaW8Z7N5Jw+lyIW869EzT73/F5lhtY9cLGoVxSXznfgfXMO0Z5K0o0Q2TkTXq+0KFsdnSe3jDViA=="
        },
        "postcss": {
          "version": "7.0.39",
          "resolved": "https://registry.npmjs.org/postcss/-/postcss-7.0.39.tgz",
          "integrity": "sha512-yioayjNbHn6z1/Bywyb2Y4s3yvDAeXGOyxqD+LnVOinq6Mdmd++SW2wUNVzavyyHxd6+DxzWGIuosg6P1Rj8uA==",
          "requires": {
            "picocolors": "^0.2.1",
            "source-map": "^0.6.1"
          }
        }
      }
    },
    "postcss-short-position": {
      "version": "4.0.1",
      "resolved": "https://registry.npmjs.org/postcss-short-position/-/postcss-short-position-4.0.1.tgz",
      "integrity": "sha512-/k2v8v+Wwrb+nIcXqOuD32y6Yss1lci1fq7FMzsJsu7nfWHf48mpgPR/afliGdZvrXRRB9IW2aJbwugoOCgDsw==",
      "requires": {
        "postcss": "^7.0.5"
      },
      "dependencies": {
        "picocolors": {
          "version": "0.2.1",
          "resolved": "https://registry.npmjs.org/picocolors/-/picocolors-0.2.1.tgz",
          "integrity": "sha512-cMlDqaLEqfSaW8Z7N5Jw+lyIW869EzT73/F5lhtY9cLGoVxSXznfgfXMO0Z5K0o0Q2TkTXq+0KFsdnSe3jDViA=="
        },
        "postcss": {
          "version": "7.0.39",
          "resolved": "https://registry.npmjs.org/postcss/-/postcss-7.0.39.tgz",
          "integrity": "sha512-yioayjNbHn6z1/Bywyb2Y4s3yvDAeXGOyxqD+LnVOinq6Mdmd++SW2wUNVzavyyHxd6+DxzWGIuosg6P1Rj8uA==",
          "requires": {
            "picocolors": "^0.2.1",
            "source-map": "^0.6.1"
          }
        }
      }
    },
    "postcss-short-size": {
      "version": "4.0.0",
      "resolved": "https://registry.npmjs.org/postcss-short-size/-/postcss-short-size-4.0.0.tgz",
      "integrity": "sha512-/RRw2JFj+7xmX+GO5HIp9+sVNZTm+bXWKwHlxxXcxEJDPng/dNeWGXIdExbuknqgDeDX/lv5YfgjD2g5TUtUtA==",
      "requires": {
        "postcss": "^7.0.5"
      },
      "dependencies": {
        "picocolors": {
          "version": "0.2.1",
          "resolved": "https://registry.npmjs.org/picocolors/-/picocolors-0.2.1.tgz",
          "integrity": "sha512-cMlDqaLEqfSaW8Z7N5Jw+lyIW869EzT73/F5lhtY9cLGoVxSXznfgfXMO0Z5K0o0Q2TkTXq+0KFsdnSe3jDViA=="
        },
        "postcss": {
          "version": "7.0.39",
          "resolved": "https://registry.npmjs.org/postcss/-/postcss-7.0.39.tgz",
          "integrity": "sha512-yioayjNbHn6z1/Bywyb2Y4s3yvDAeXGOyxqD+LnVOinq6Mdmd++SW2wUNVzavyyHxd6+DxzWGIuosg6P1Rj8uA==",
          "requires": {
            "picocolors": "^0.2.1",
            "source-map": "^0.6.1"
          }
        }
      }
    },
    "postcss-short-spacing": {
      "version": "4.0.0",
      "resolved": "https://registry.npmjs.org/postcss-short-spacing/-/postcss-short-spacing-4.0.0.tgz",
      "integrity": "sha512-ThWP8vse9jtT26+l8fqfCriPVR7QGYUX7gEXYNPJ2+smD4XHpMJAmbhqa8aKuYsCMhvzeC9ZxCsR/B+nXA7iEw==",
      "requires": {
        "postcss": "^7.0.5"
      },
      "dependencies": {
        "picocolors": {
          "version": "0.2.1",
          "resolved": "https://registry.npmjs.org/picocolors/-/picocolors-0.2.1.tgz",
          "integrity": "sha512-cMlDqaLEqfSaW8Z7N5Jw+lyIW869EzT73/F5lhtY9cLGoVxSXznfgfXMO0Z5K0o0Q2TkTXq+0KFsdnSe3jDViA=="
        },
        "postcss": {
          "version": "7.0.39",
          "resolved": "https://registry.npmjs.org/postcss/-/postcss-7.0.39.tgz",
          "integrity": "sha512-yioayjNbHn6z1/Bywyb2Y4s3yvDAeXGOyxqD+LnVOinq6Mdmd++SW2wUNVzavyyHxd6+DxzWGIuosg6P1Rj8uA==",
          "requires": {
            "picocolors": "^0.2.1",
            "source-map": "^0.6.1"
          }
        }
      }
    },
    "source-map": {
      "version": "0.6.1",
      "resolved": "https://registry.npmjs.org/source-map/-/source-map-0.6.1.tgz",
      "integrity": "sha512-UjgapumWlbMhkBgzT7Ykc5YXUT46F0iKu8SGXq0bcwP5dz/h0Plj6enJqjz1Zbq2l5WaqYnrVbwWOWMyF3F47g=="
    },
    "source-map-js": {
      "version": "1.0.2",
      "resolved": "https://registry.npmjs.org/source-map-js/-/source-map-js-1.0.2.tgz",
      "integrity": "sha512-R0XvVJ9WusLiqTCEiGCmICCMplcCkIwwR11mOSD9CR5u+IXYdiseeEuXCVAjS54zqwkLcPNnmU4OeJ6tUrWhDw=="
    }
  }
}
